{
    "name": "retrieve-token",
    "version": "1.0.0",
    "lockfileVersion": 2,
    "requires": true,
    "packages": {
        "": {
            "name": "retrieve-token",
            "version": "1.0.0",
            "license": "SEE LICENSE IN https://github.com/SaxoBank/openapi-samples-js/blob/main/LICENSE",
            "dependencies": {
                "dotenv": "^17.2.3"
            }
        },
        "node_modules/dotenv": {
            "version": "17.2.3",
            "resolved": "https://registry.npmjs.org/dotenv/-/dotenv-17.2.3.tgz",
            "integrity": "sha512-JVUnt+DUIzu87TABbhPmNfVdBDt18BLOWjMUFJMSi/Qqg7NTYtabbvSNJGOJ7afbRuv9D/lngizHtP7QyLQ+9w==",
            "engines": {
                "node": ">=12"
            },
            "funding": {
                "url": "https://dotenvx.com"
            }
        }
    },
    "dependencies": {
        "dotenv": {
            "version": "17.2.3",
            "resolved": "https://registry.npmjs.org/dotenv/-/dotenv-17.2.3.tgz",
            "integrity": "sha512-JVUnt+DUIzu87TABbhPmNfVdBDt18BLOWjMUFJMSi/Qqg7NTYtabbvSNJGOJ7afbRuv9D/lngizHtP7QyLQ+9w=="
        }
    }
}
