{
    "name": "retrieve-token",
    "version": "1.0.0",
    "lockfileVersion": 2,
    "requires": true,
    "packages": {
        "": {
            "name": "retrieve-token",
            "version": "1.0.0",
            "license": "SEE LICENSE IN https://github.com/SaxoBank/openapi-samples-js/blob/main/LICENSE",
            "dependencies": {
                "dotenv": "^17.3.1"
            }
        },
        "node_modules/dotenv": {
            "version": "17.3.1",
            "resolved": "https://registry.npmjs.org/dotenv/-/dotenv-17.3.1.tgz",
            "integrity": "sha512-IO8C/dzEb6O3F9/twg6ZLXz164a2fhTnEWb95H23Dm4OuN+92NmEAlTrupP9VW6Jm3sO26tQlqyvyi4CsnY9GA==",
            "engines": {
                "node": ">=12"
            },
            "funding": {
                "url": "https://dotenvx.com"
            }
        }
    },
    "dependencies": {
        "dotenv": {
            "version": "17.3.1",
            "resolved": "https://registry.npmjs.org/dotenv/-/dotenv-17.3.1.tgz",
            "integrity": "sha512-IO8C/dzEb6O3F9/twg6ZLXz164a2fhTnEWb95H23Dm4OuN+92NmEAlTrupP9VW6Jm3sO26tQlqyvyi4CsnY9GA=="
        }
    }
}
